
Microsoft Visual Studio Solution File, Format Version 12.00
# Visual Studio Version 17
VisualStudioVersion = 17.9.34622.214
MinimumVisualStudioVersion = 10.0.40219.1
Project("{9A19103F-16F7-4668-BE54-9A1E7A4F7556}") = "Swap", "Swap\Swap.csproj", "{7533C5C6-2264-4685-A672-B99A887E8DE1}"
EndProject
Project("{9A19103F-16F7-4668-BE54-9A1E7A4F7556}") = "SearchExample", "SearchExample\SearchExample.csproj", "{CFAD3242-BC02-48BC-8CA8-2D5E49FF4AAD}"
EndProject
Project("{9A19103F-16F7-4668-BE54-9A1E7A4F7556}") = "NonGenericCollections", "NonGenericCollections\NonGenericCollections.csproj", "{6C3993B5-25D7-4072-A467-AD45EB5E2D42}"
EndProject
Project("{9A19103F-16F7-4668-BE54-9A1E7A4F7556}") = "EqualityAndHashcode", "EqualityAndHashcode\EqualityAndHashcode.csproj", "{BC65E54C-B483-4121-AB1F-2360FE8D6BC2}"
EndProject
Project("{9A19103F-16F7-4668-BE54-9A1E7A4F7556}") = "Generics-BubbleSortExmaple", "Generics-BubbleSortExmaple\Generics-BubbleSortExmaple.csproj", "{E88497D3-B1F4-4365-B602-72477325C7B6}"
EndProject
Project("{9A19103F-16F7-4668-BE54-9A1E7A4F7556}") = "IComparableVsGenericIComparable", "IComparableVsGenericIComparable\IComparableVsGenericIComparable.csproj", "{BE28DC95-62C8-4BE7-AA31-21017AD5B415}"
EndProject
Project("{9A19103F-16F7-4668-BE54-9A1E7A4F7556}") = "GenericCollectionsList", "GenericCollectionsList\GenericCollectionsList.csproj", "{C4AE30DB-FE46-4258-85AC-6C0F7B3D2222}"
EndProject
Project("{2150E333-8FDC-42A3-9474-1A3956D46DE8}") = "Session1", "Session1", "{2B6F5358-984A-45B5-BF2F-159D8EB4D9FF}"
EndProject
Project("{2150E333-8FDC-42A3-9474-1A3956D46DE8}") = "Session2", "Session2", "{34208CE9-A083-4367-9F1C-FA3F279A6039}"
EndProject
Project("{FAE04EC0-301F-11D3-BF4B-00C04F79EFBC}") = "Session2_Project", "Session2_Project\Session2_Project.csproj", "{9C75FDE0-8E44-4038-9A0F-51B75D601C03}"
EndProject
Global
	GlobalSection(SolutionConfigurationPlatforms) = preSolution
		Debug|Any CPU = Debug|Any CPU
		Release|Any CPU = Release|Any CPU
	EndGlobalSection
	GlobalSection(ProjectConfigurationPlatforms) = postSolution
		{7533C5C6-2264-4685-A672-B99A887E8DE1}.Debug|Any CPU.ActiveCfg = Debug|Any CPU
		{7533C5C6-2264-4685-A672-B99A887E8DE1}.Debug|Any CPU.Build.0 = Debug|Any CPU
		{7533C5C6-2264-4685-A672-B99A887E8DE1}.Release|Any CPU.ActiveCfg = Release|Any CPU
		{7533C5C6-2264-4685-A672-B99A887E8DE1}.Release|Any CPU.Build.0 = Release|Any CPU
		{CFAD3242-BC02-48BC-8CA8-2D5E49FF4AAD}.Debug|Any CPU.ActiveCfg = Debug|Any CPU
		{CFAD3242-BC02-48BC-8CA8-2D5E49FF4AAD}.Debug|Any CPU.Build.0 = Debug|Any CPU
		{CFAD3242-BC02-48BC-8CA8-2D5E49FF4AAD}.Release|Any CPU.ActiveCfg = Release|Any CPU
		{CFAD3242-BC02-48BC-8CA8-2D5E49FF4AAD}.Release|Any CPU.Build.0 = Release|Any CPU
		{6C3993B5-25D7-4072-A467-AD45EB5E2D42}.Debug|Any CPU.ActiveCfg = Debug|Any CPU
		{6C3993B5-25D7-4072-A467-AD45EB5E2D42}.Debug|Any CPU.Build.0 = Debug|Any CPU
		{6C3993B5-25D7-4072-A467-AD45EB5E2D42}.Release|Any CPU.ActiveCfg = Release|Any CPU
		{6C3993B5-25D7-4072-A467-AD45EB5E2D42}.Release|Any CPU.Build.0 = Release|Any CPU
		{BC65E54C-B483-4121-AB1F-2360FE8D6BC2}.Debug|Any CPU.ActiveCfg = Debug|Any CPU
		{BC65E54C-B483-4121-AB1F-2360FE8D6BC2}.Debug|Any CPU.Build.0 = Debug|Any CPU
		{BC65E54C-B483-4121-AB1F-2360FE8D6BC2}.Release|Any CPU.ActiveCfg = Release|Any CPU
		{BC65E54C-B483-4121-AB1F-2360FE8D6BC2}.Release|Any CPU.Build.0 = Release|Any CPU
		{E88497D3-B1F4-4365-B602-72477325C7B6}.Debug|Any CPU.ActiveCfg = Debug|Any CPU
		{E88497D3-B1F4-4365-B602-72477325C7B6}.Debug|Any CPU.Build.0 = Debug|Any CPU
		{E88497D3-B1F4-4365-B602-72477325C7B6}.Release|Any CPU.ActiveCfg = Release|Any CPU
		{E88497D3-B1F4-4365-B602-72477325C7B6}.Release|Any CPU.Build.0 = Release|Any CPU
		{BE28DC95-62C8-4BE7-AA31-21017AD5B415}.Debug|Any CPU.ActiveCfg = Debug|Any CPU
		{BE28DC95-62C8-4BE7-AA31-21017AD5B415}.Debug|Any CPU.Build.0 = Debug|Any CPU
		{BE28DC95-62C8-4BE7-AA31-21017AD5B415}.Release|Any CPU.ActiveCfg = Release|Any CPU
		{BE28DC95-62C8-4BE7-AA31-21017AD5B415}.Release|Any CPU.Build.0 = Release|Any CPU
		{C4AE30DB-FE46-4258-85AC-6C0F7B3D2222}.Debug|Any CPU.ActiveCfg = Debug|Any CPU
		{C4AE30DB-FE46-4258-85AC-6C0F7B3D2222}.Debug|Any CPU.Build.0 = Debug|Any CPU
		{C4AE30DB-FE46-4258-85AC-6C0F7B3D2222}.Release|Any CPU.ActiveCfg = Release|Any CPU
		{C4AE30DB-FE46-4258-85AC-6C0F7B3D2222}.Release|Any CPU.Build.0 = Release|Any CPU
		{9C75FDE0-8E44-4038-9A0F-51B75D601C03}.Debug|Any CPU.ActiveCfg = Debug|Any CPU
		{9C75FDE0-8E44-4038-9A0F-51B75D601C03}.Debug|Any CPU.Build.0 = Debug|Any CPU
		{9C75FDE0-8E44-4038-9A0F-51B75D601C03}.Release|Any CPU.ActiveCfg = Release|Any CPU
		{9C75FDE0-8E44-4038-9A0F-51B75D601C03}.Release|Any CPU.Build.0 = Release|Any CPU
	EndGlobalSection
	GlobalSection(SolutionProperties) = preSolution
		HideSolutionNode = FALSE
	EndGlobalSection
	GlobalSection(NestedProjects) = preSolution
		{7533C5C6-2264-4685-A672-B99A887E8DE1} = {2B6F5358-984A-45B5-BF2F-159D8EB4D9FF}
		{CFAD3242-BC02-48BC-8CA8-2D5E49FF4AAD} = {2B6F5358-984A-45B5-BF2F-159D8EB4D9FF}
		{6C3993B5-25D7-4072-A467-AD45EB5E2D42} = {2B6F5358-984A-45B5-BF2F-159D8EB4D9FF}
		{BC65E54C-B483-4121-AB1F-2360FE8D6BC2} = {2B6F5358-984A-45B5-BF2F-159D8EB4D9FF}
		{E88497D3-B1F4-4365-B602-72477325C7B6} = {2B6F5358-984A-45B5-BF2F-159D8EB4D9FF}
		{BE28DC95-62C8-4BE7-AA31-21017AD5B415} = {2B6F5358-984A-45B5-BF2F-159D8EB4D9FF}
		{C4AE30DB-FE46-4258-85AC-6C0F7B3D2222} = {2B6F5358-984A-45B5-BF2F-159D8EB4D9FF}
		{9C75FDE0-8E44-4038-9A0F-51B75D601C03} = {34208CE9-A083-4367-9F1C-FA3F279A6039}
	EndGlobalSection
	GlobalSection(ExtensibilityGlobals) = postSolution
		SolutionGuid = {3A4C6E71-21F0-4063-B29B-3BCFFBDC8911}
	EndGlobalSection
EndGlobal
